// !$*UTF8*$!
{
	archiveVersion = 1;
	classes = {
	};
	objectVersion = 56;
	objects = {

/* Begin PBXBuildFile section */
		84446B4129ED6FE70024E4B3 /* DetailView.swift in Sources */ = {isa = PBXBuildFile; fileRef = 84446B4029ED6FE70024E4B3 /* DetailView.swift */; };
		8498F0BB29F8E60400BB1734 /* CartModel.swift in Sources */ = {isa = PBXBuildFile; fileRef = 8498F0BA29F8E60400BB1734 /* CartModel.swift */; };
		84EB5AD229E47CFA0001AFCA /* ShoppingCardApp.swift in Sources */ = {isa = PBXBuildFile; fileRef = 84EB5AD129E47CFA0001AFCA /* ShoppingCardApp.swift */; };
		84EB5AD429E47CFA0001AFCA /* ContentView.swift in Sources */ = {isa = PBXBuildFile; fileRef = 84EB5AD329E47CFA0001AFCA /* ContentView.swift */; };
		84EB5AD629E47CFC0001AFCA /* Assets.xcassets in Resources */ = {isa = PBXBuildFile; fileRef = 84EB5AD529E47CFC0001AFCA /* Assets.xcassets */; };
		84EB5AD929E47CFC0001AFCA /* Preview Assets.xcassets in Resources */ = {isa = PBXBuildFile; fileRef = 84EB5AD829E47CFC0001AFCA /* Preview Assets.xcassets */; };
		84EB5AE829E4ACA30001AFCA /* Product.swift in Sources */ = {isa = PBXBuildFile; fileRef = 84EB5AE729E4ACA30001AFCA /* Product.swift */; };
		84EB5AED29E77D680001AFCA /* products.json in Resources */ = {isa = PBXBuildFile; fileRef = 84EB5AEB29E723180001AFCA /* products.json */; };
		84EB5AEF29E897BC0001AFCA /* ProductListView.swift in Sources */ = {isa = PBXBuildFile; fileRef = 84EB5AEE29E897BC0001AFCA /* ProductListView.swift */; };
		84EB5AF129E8CD620001AFCA /* CartView.swift in Sources */ = {isa = PBXBuildFile; fileRef = 84EB5AF029E8CD620001AFCA /* CartView.swift */; };
/* End PBXBuildFile section */

/* Begin PBXFileReference section */
		84446B4029ED6FE70024E4B3 /* DetailView.swift */ = {isa = PBXFileReference; lastKnownFileType = sourcecode.swift; path = DetailView.swift; sourceTree = "<group>"; };
		8498F0BA29F8E60400BB1734 /* CartModel.swift */ = {isa = PBXFileReference; lastKnownFileType = sourcecode.swift; path = CartModel.swift; sourceTree = "<group>"; };
		84EB5ACE29E47CFA0001AFCA /* ShoppingCard.app */ = {isa = PBXFileReference; explicitFileType = wrapper.application; includeInIndex = 0; path = ShoppingCard.app; sourceTree = BUILT_PRODUCTS_DIR; };
		84EB5AD129E47CFA0001AFCA /* ShoppingCardApp.swift */ = {isa = PBXFileReference; lastKnownFileType = sourcecode.swift; path = ShoppingCardApp.swift; sourceTree = "<group>"; };
		84EB5AD329E47CFA0001AFCA /* ContentView.swift */ = {isa = PBXFileReference; lastKnownFileType = sourcecode.swift; path = ContentView.swift; sourceTree = "<group>"; };
		84EB5AD529E47CFC0001AFCA /* Assets.xcassets */ = {isa = PBXFileReference; lastKnownFileType = folder.assetcatalog; path = Assets.xcassets; sourceTree = "<group>"; };
		84EB5AD829E47CFC0001AFCA /* Preview Assets.xcassets */ = {isa = PBXFileReference; lastKnownFileType = folder.assetcatalog; path = "Preview Assets.xcassets"; sourceTree = "<group>"; };
		84EB5AE729E4ACA30001AFCA /* Product.swift */ = {isa = PBXFileReference; lastKnownFileType = sourcecode.swift; path = Product.swift; sourceTree = "<group>"; };
		84EB5AEB29E723180001AFCA /* products.json */ = {isa = PBXFileReference; lastKnownFileType = text.json; path = products.json; sourceTree = "<group>"; };
		84EB5AEE29E897BC0001AFCA /* ProductListView.swift */ = {isa = PBXFileReference; lastKnownFileType = sourcecode.swift; path = ProductListView.swift; sourceTree = "<group>"; };
		84EB5AF029E8CD620001AFCA /* CartView.swift */ = {isa = PBXFileReference; lastKnownFileType = sourcecode.swift; path = CartView.swift; sourceTree = "<group>"; };
/* End PBXFileReference section */

/* Begin PBXFrameworksBuildPhase section */
		84EB5ACB29E47CFA0001AFCA /* Frameworks */ = {
			isa = PBXFrameworksBuildPhase;
			buildActionMask = 2147483647;
			files = (
			);
			runOnlyForDeploymentPostprocessing = 0;
		};
/* End PBXFrameworksBuildPhase section */

/* Begin PBXGroup section */
		84EB5AC529E47CFA0001AFCA = {
			isa = PBXGroup;
			children = (
				84EB5AD029E47CFA0001AFCA /* ShoppingCard */,
				84EB5ACF29E47CFA0001AFCA /* Products */,
			);
			sourceTree = "<group>";
		};
		84EB5ACF29E47CFA0001AFCA /* Products */ = {
			isa = PBXGroup;
			children = (
				84EB5ACE29E47CFA0001AFCA /* ShoppingCard.app */,
			);
			name = Products;
			sourceTree = "<group>";
		};
		84EB5AD029E47CFA0001AFCA /* ShoppingCard */ = {
			isa = PBXGroup;
			children = (
				84EB5AD129E47CFA0001AFCA /* ShoppingCardApp.swift */,
				84EB5AE029E47DDD0001AFCA /* Models */,
				84EB5AE229E47DF10001AFCA /* ViewModel */,
				84EB5ADF29E47DCD0001AFCA /* Views */,
				84EB5AD529E47CFC0001AFCA /* Assets.xcassets */,
				84EB5AD729E47CFC0001AFCA /* Preview Content */,
				84EB5AEB29E723180001AFCA /* products.json */,
			);
			path = ShoppingCard;
			sourceTree = "<group>";
		};
		84EB5AD729E47CFC0001AFCA /* Preview Content */ = {
			isa = PBXGroup;
			children = (
				84EB5AD829E47CFC0001AFCA /* Preview Assets.xcassets */,
			);
			path = "Preview Content";
			sourceTree = "<group>";
		};
		84EB5ADF29E47DCD0001AFCA /* Views */ = {
			isa = PBXGroup;
			children = (
				84EB5AD329E47CFA0001AFCA /* ContentView.swift */,
				84446B4029ED6FE70024E4B3 /* DetailView.swift */,
				84EB5AF029E8CD620001AFCA /* CartView.swift */,
			);
			path = Views;
			sourceTree = "<group>";
		};
		84EB5AE029E47DDD0001AFCA /* Models */ = {
			isa = PBXGroup;
			children = (
				84EB5AE729E4ACA30001AFCA /* Product.swift */,
				8498F0BA29F8E60400BB1734 /* CartModel.swift */,
			);
			path = Models;
			sourceTree = "<group>";
		};
		84EB5AE229E47DF10001AFCA /* ViewModel */ = {
			isa = PBXGroup;
			children = (
				84EB5AEE29E897BC0001AFCA /* ProductListView.swift */,
			);
			path = ViewModel;
			sourceTree = "<group>";
		};
/* End PBXGroup section */

/* Begin PBXNativeTarget section */
		84EB5ACD29E47CFA0001AFCA /* ShoppingCard */ = {
			isa = PBXNativeTarget;
			buildConfigurationList = 84EB5ADC29E47CFC0001AFCA /* Build configuration list for PBXNativeTarget "ShoppingCard" */;
			buildPhases = (
				84EB5ACA29E47CFA0001AFCA /* Sources */,
				84EB5ACB29E47CFA0001AFCA /* Frameworks */,
				84EB5ACC29E47CFA0001AFCA /* Resources */,
			);
			buildRules = (
			);
			dependencies = (
			);
			name = ShoppingCard;
			productName = ShoppingCard;
			productReference = 84EB5ACE29E47CFA0001AFCA /* ShoppingCard.app */;
			productType = "com.apple.product-type.application";
		};
/* End PBXNativeTarget section */

/* Begin PBXProject section */
		84EB5AC629E47CFA0001AFCA /* Project object */ = {
			isa = PBXProject;
			attributes = {
				BuildIndependentTargetsInParallel = 1;
				LastSwiftUpdateCheck = 1430;
				LastUpgradeCheck = 1430;
				TargetAttributes = {
					84EB5ACD29E47CFA0001AFCA = {
						CreatedOnToolsVersion = 14.3;
					};
				};
			};
			buildConfigurationList = 84EB5AC929E47CFA0001AFCA /* Build configuration list for PBXProject "ShoppingCard" */;
			compatibilityVersion = "Xcode 14.0";
			developmentRegion = en;
			hasScannedForEncodings = 0;
			knownRegions = (
				en,
				Base,
			);
			mainGroup = 84EB5AC529E47CFA0001AFCA;
			productRefGroup = 84EB5ACF29E47CFA0001AFCA /* Products */;
			projectDirPath = "";
			projectRoot = "";
			targets = (
				84EB5ACD29E47CFA0001AFCA /* ShoppingCard */,
			);
		};
/* End PBXProject section */

/* Begin PBXResourcesBuildPhase section */
		84EB5ACC29E47CFA0001AFCA /* Resources */ = {
			isa = PBXResourcesBuildPhase;
			buildActionMask = 2147483647;
			files = (
				84EB5AD929E47CFC0001AFCA /* Preview Assets.xcassets in Resources */,
				84EB5AD629E47CFC0001AFCA /* Assets.xcassets in Resources */,
				84EB5AED29E77D680001AFCA /* products.json in Resources */,
			);
			runOnlyForDeploymentPostprocessing = 0;
		};
/* End PBXResourcesBuildPhase section */

/* Begin PBXSourcesBuildPhase section */
		84EB5ACA29E47CFA0001AFCA /* Sources */ = {
			isa = PBXSourcesBuildPhase;
			buildActionMask = 2147483647;
			files = (
				84EB5AF129E8CD620001AFCA /* CartView.swift in Sources */,
				84446B4129ED6FE70024E4B3 /* DetailView.swift in Sources */,
				8498F0BB29F8E60400BB1734 /* CartModel.swift in Sources */,
				84EB5AEF29E897BC0001AFCA /* ProductListView.swift in Sources */,
				84EB5AE829E4ACA30001AFCA /* Product.swift in Sources */,
				84EB5AD429E47CFA0001AFCA /* ContentView.swift in Sources */,
				84EB5AD229E47CFA0001AFCA /* ShoppingCardApp.swift in Sources */,
			);
			runOnlyForDeploymentPostprocessing = 0;
		};
/* End PBXSourcesBuildPhase section */

/* Begin XCBuildConfiguration section */
		84EB5ADA29E47CFC0001AFCA /* Debug */ = {
			isa = XCBuildConfiguration;
			buildSettings = {
				ALWAYS_SEARCH_USER_PATHS = NO;
				CLANG_ANALYZER_NONNULL = YES;
				CLANG_ANALYZER_NUMBER_OBJECT_CONVERSION = YES_AGGRESSIVE;
				CLANG_CXX_LANGUAGE_STANDARD = "gnu++20";
				CLANG_ENABLE_MODULES = YES;
				CLANG_ENABLE_OBJC_ARC = YES;
				CLANG_ENABLE_OBJC_WEAK = YES;
				CLANG_WARN_BLOCK_CAPTURE_AUTORELEASING = YES;
				CLANG_WARN_BOOL_CONVERSION = YES;
				CLANG_WARN_COMMA = YES;
				CLANG_WARN_CONSTANT_CONVERSION = YES;
				CLANG_WARN_DEPRECATED_OBJC_IMPLEMENTATIONS = YES;
				CLANG_WARN_DIRECT_OBJC_ISA_USAGE = YES_ERROR;
				CLANG_WARN_DOCUMENTATION_COMMENTS = YES;
				CLANG_WARN_EMPTY_BODY = YES;
				CLANG_WARN_ENUM_CONVERSION = YES;
				CLANG_WARN_INFINITE_RECURSION = YES;
				CLANG_WARN_INT_CONVERSION = YES;
				CLANG_WARN_NON_LITERAL_NULL_CONVERSION = YES;
				CLANG_WARN_OBJC_IMPLICIT_RETAIN_SELF = YES;
				CLANG_WARN_OBJC_LITERAL_CONVERSION = YES;
				CLANG_WARN_OBJC_ROOT_CLASS = YES_ERROR;
				CLANG_WARN_QUOTED_INCLUDE_IN_FRAMEWORK_HEADER = YES;
				CLANG_WARN_RANGE_LOOP_ANALYSIS = YES;
				CLANG_WARN_STRICT_PROTOTYPES = YES;
				CLANG_WARN_SUSPICIOUS_MOVE = YES;
				CLANG_WARN_UNGUARDED_AVAILABILITY = YES_AGGRESSIVE;
				CLANG_WARN_UNREACHABLE_CODE = YES;
				CLANG_WARN__DUPLICATE_METHOD_MATCH = YES;
				COPY_PHASE_STRIP = NO;
				DEBUG_INFORMATION_FORMAT = dwarf;
				ENABLE_STRICT_OBJC_MSGSEND = YES;
				ENABLE_TESTABILITY = YES;
				GCC_C_LANGUAGE_STANDARD = gnu11;
				GCC_DYNAMIC_NO_PIC = NO;
				GCC_NO_COMMON_BLOCKS = YES;
				GCC_OPTIMIZATION_LEVEL = 0;
				GCC_PREPROCESSOR_DEFINITIONS = (
					"DEBUG=1",
					"$(inherited)",
				);
				GCC_WARN_64_TO_32_BIT_CONVERSION = YES;
				GCC_WARN_ABOUT_RETURN_TYPE = YES_ERROR;
				GCC_WARN_UNDECLARED_SELECTOR = YES;
				GCC_WARN_UNINITIALIZED_AUTOS = YES_AGGRESSIVE;
				GCC_WARN_UNUSED_FUNCTION = YES;
				GCC_WARN_UNUSED_VARIABLE = YES;
				IPHONEOS_DEPLOYMENT_TARGET = 16.4;
				MTL_ENABLE_DEBUG_INFO = INCLUDE_SOURCE;
				MTL_FAST_MATH = YES;
				ONLY_ACTIVE_ARCH = YES;
				SDKROOT = iphoneos;
				SWIFT_ACTIVE_COMPILATION_CONDITIONS = DEBUG;
				SWIFT_OPTIMIZATION_LEVEL = "-Onone";
			};
			name = Debug;
		};
		84EB5ADB29E47CFC0001AFCA /* Release */ = {
			isa = XCBuildConfiguration;
			buildSettings = {
				ALWAYS_SEARCH_USER_PATHS = NO;
				CLANG_ANALYZER_NONNULL = YES;
				CLANG_ANALYZER_NUMBER_OBJECT_CONVERSION = YES_AGGRESSIVE;
				CLANG_CXX_LANGUAGE_STANDARD = "gnu++20";
				CLANG_ENABLE_MODULES = YES;
				CLANG_ENABLE_OBJC_ARC = YES;
				CLANG_ENABLE_OBJC_WEAK = YES;
				CLANG_WARN_BLOCK_CAPTURE_AUTORELEASING = YES;
				CLANG_WARN_BOOL_CONVERSION = YES;
				CLANG_WARN_COMMA = YES;
				CLANG_WARN_CONSTANT_CONVERSION = YES;
				CLANG_WARN_DEPRECATED_OBJC_IMPLEMENTATIONS = YES;
				CLANG_WARN_DIRECT_OBJC_ISA_USAGE = YES_ERROR;
				CLANG_WARN_DOCUMENTATION_COMMENTS = YES;
				CLANG_WARN_EMPTY_BODY = YES;
				CLANG_WARN_ENUM_CONVERSION = YES;
				CLANG_WARN_INFINITE_RECURSION = YES;
				CLANG_WARN_INT_CONVERSION = YES;
				CLANG_WARN_NON_LITERAL_NULL_CONVERSION = YES;
				CLANG_WARN_OBJC_IMPLICIT_RETAIN_SELF = YES;
				CLANG_WARN_OBJC_LITERAL_CONVERSION = YES;
				CLANG_WARN_OBJC_ROOT_CLASS = YES_ERROR;
				CLANG_WARN_QUOTED_INCLUDE_IN_FRAMEWORK_HEADER = YES;
				CLANG_WARN_RANGE_LOOP_ANALYSIS = YES;
				CLANG_WARN_STRICT_PROTOTYPES = YES;
				CLANG_WARN_SUSPICIOUS_MOVE = YES;
				CLANG_WARN_UNGUARDED_AVAILABILITY = YES_AGGRESSIVE;
				CLANG_WARN_UNREACHABLE_CODE = YES;
				CLANG_WARN__DUPLICATE_METHOD_MATCH = YES;
				COPY_PHASE_STRIP = NO;
				DEBUG_INFORMATION_FORMAT = "dwarf-with-dsym";
				ENABLE_NS_ASSERTIONS = NO;
				ENABLE_STRICT_OBJC_MSGSEND = YES;
				GCC_C_LANGUAGE_STANDARD = gnu11;
				GCC_NO_COMMON_BLOCKS = YES;
				GCC_WARN_64_TO_32_BIT_CONVERSION = YES;
				GCC_WARN_ABOUT_RETURN_TYPE = YES_ERROR;
				GCC_WARN_UNDECLARED_SELECTOR = YES;
				GCC_WARN_UNINITIALIZED_AUTOS = YES_AGGRESSIVE;
				GCC_WARN_UNUSED_FUNCTION = YES;
				GCC_WARN_UNUSED_VARIABLE = YES;
				IPHONEOS_DEPLOYMENT_TARGET = 16.4;
				MTL_ENABLE_DEBUG_INFO = NO;
				MTL_FAST_MATH = YES;
				SDKROOT = iphoneos;
				SWIFT_COMPILATION_MODE = wholemodule;
				SWIFT_OPTIMIZATION_LEVEL = "-O";
				VALIDATE_PRODUCT = YES;
			};
			name = Release;
		};
		84EB5ADD29E47CFC0001AFCA /* Debug */ = {
			isa = XCBuildConfiguration;
			buildSettings = {
				ASSETCATALOG_COMPILER_APPICON_NAME = AppIcon;
				ASSETCATALOG_COMPILER_GLOBAL_ACCENT_COLOR_NAME = AccentColor;
				CODE_SIGN_STYLE = Automatic;
				CURRENT_PROJECT_VERSION = 1;
				DEVELOPMENT_ASSET_PATHS = "\"ShoppingCard/Preview Content\"";
				DEVELOPMENT_TEAM = 9555ARGGFJ;
				ENABLE_PREVIEWS = YES;
				GENERATE_INFOPLIST_FILE = YES;
				INFOPLIST_KEY_UIApplicationSceneManifest_Generation = YES;
				INFOPLIST_KEY_UIApplicationSupportsIndirectInputEvents = YES;
				INFOPLIST_KEY_UILaunchScreen_Generation = YES;
				INFOPLIST_KEY_UISupportedInterfaceOrientations_iPad = "UIInterfaceOrientationPortrait UIInterfaceOrientationPortraitUpsideDown UIInterfaceOrientationLandscapeLeft UIInterfaceOrientationLandscapeRight";
				INFOPLIST_KEY_UISupportedInterfaceOrientations_iPhone = "UIInterfaceOrientationPortrait UIInterfaceOrientationLandscapeLeft UIInterfaceOrientationLandscapeRight";
				IPHONEOS_DEPLOYMENT_TARGET = 15.0;
				LD_RUNPATH_SEARCH_PATHS = (
					"$(inherited)",
					"@executable_path/Frameworks",
				);
				MARKETING_VERSION = 1.0;
				PRODUCT_BUNDLE_IDENTIFIER = com.sardorbek.ShoppingCard;
				PRODUCT_NAME = "$(TARGET_NAME)";
				SWIFT_EMIT_LOC_STRINGS = YES;
				SWIFT_VERSION = 5.0;
				TARGETED_DEVICE_FAMILY = "1,2";
			};
			name = Debug;
		};
		84EB5ADE29E47CFC0001AFCA /* Release */ = {
			isa = XCBuildConfiguration;
			buildSettings = {
				ASSETCATALOG_COMPILER_APPICON_NAME = AppIcon;
				ASSETCATALOG_COMPILER_GLOBAL_ACCENT_COLOR_NAME = AccentColor;
				CODE_SIGN_STYLE = Automatic;
				CURRENT_PROJECT_VERSION = 1;
				DEVELOPMENT_ASSET_PATHS = "\"ShoppingCard/Preview Content\"";
				DEVELOPMENT_TEAM = 9555ARGGFJ;
				ENABLE_PREVIEWS = YES;
				GENERATE_INFOPLIST_FILE = YES;
				INFOPLIST_KEY_UIApplicationSceneManifest_Generation = YES;
				INFOPLIST_KEY_UIApplicationSupportsIndirectInputEvents = YES;
				INFOPLIST_KEY_UILaunchScreen_Generation = YES;
				INFOPLIST_KEY_UISupportedInterfaceOrientations_iPad = "UIInterfaceOrientationPortrait UIInterfaceOrientationPortraitUpsideDown UIInterfaceOrientationLandscapeLeft UIInterfaceOrientationLandscapeRight";
				INFOPLIST_KEY_UISupportedInterfaceOrientations_iPhone = "UIInterfaceOrientationPortrait UIInterfaceOrientationLandscapeLeft UIInterfaceOrientationLandscapeRight";
				IPHONEOS_DEPLOYMENT_TARGET = 15.0;
				LD_RUNPATH_SEARCH_PATHS = (
					"$(inherited)",
					"@executable_path/Frameworks",
				);
				MARKETING_VERSION = 1.0;
				PRODUCT_BUNDLE_IDENTIFIER = com.sardorbek.ShoppingCard;
				PRODUCT_NAME = "$(TARGET_NAME)";
				SWIFT_EMIT_LOC_STRINGS = YES;
				SWIFT_VERSION = 5.0;
				TARGETED_DEVICE_FAMILY = "1,2";
			};
			name = Release;
		};
/* End XCBuildConfiguration section */

/* Begin XCConfigurationList section */
		84EB5AC929E47CFA0001AFCA /* Build configuration list for PBXProject "ShoppingCard" */ = {
			isa = XCConfigurationList;
			buildConfigurations = (
				84EB5ADA29E47CFC0001AFCA /* Debug */,
				84EB5ADB29E47CFC0001AFCA /* Release */,
			);
			defaultConfigurationIsVisible = 0;
			defaultConfigurationName = Release;
		};
		84EB5ADC29E47CFC0001AFCA /* Build configuration list for PBXNativeTarget "ShoppingCard" */ = {
			isa = XCConfigurationList;
			buildConfigurations = (
				84EB5ADD29E47CFC0001AFCA /* Debug */,
				84EB5ADE29E47CFC0001AFCA /* Release */,
			);
			defaultConfigurationIsVisible = 0;
			defaultConfigurationName = Release;
		};
/* End XCConfigurationList section */
	};
	rootObject = 84EB5AC629E47CFA0001AFCA /* Project object */;
}
